
Microsoft Visual Studio Solution File, Format Version 12.00
# Visual Studio Version 16
VisualStudioVersion = 16.0.31729.503
MinimumVisualStudioVersion = 10.0.40219.1
Project("{FAE04EC0-301F-11D3-BF4B-00C04F79EFBC}") = "AppFirebase.Android", "AppFirebase\AppFirebase.Android\AppFirebase.Android.csproj", "{B367BA98-A410-4F52-ACD5-886AEBADC44D}"
EndProject
Project("{FAE04EC0-301F-11D3-BF4B-00C04F79EFBC}") = "AppFirebase.iOS", "AppFirebase\AppFirebase.iOS\AppFirebase.iOS.csproj", "{8238101E-FC2F-44F7-B3EE-3D101A703897}"
EndProject
Project("{FAE04EC0-301F-11D3-BF4B-00C04F79EFBC}") = "AppFirebase", "AppFirebase\AppFirebase\AppFirebase.csproj", "{4CCA92FF-AF20-4483-A2D4-70BB9A85D4F8}"
EndProject
Global
	GlobalSection(SolutionConfigurationPlatforms) = preSolution
		Debug|Any CPU = Debug|Any CPU
		Debug|iPhone = Debug|iPhone
		Debug|iPhoneSimulator = Debug|iPhoneSimulator
		Release|Any CPU = Release|Any CPU
		Release|iPhone = Release|iPhone
		Release|iPhoneSimulator = Release|iPhoneSimulator
	EndGlobalSection
	GlobalSection(ProjectConfigurationPlatforms) = postSolution
		{B367BA98-A410-4F52-ACD5-886AEBADC44D}.Debug|Any CPU.ActiveCfg = Debug|Any CPU
		{B367BA98-A410-4F52-ACD5-886AEBADC44D}.Debug|Any CPU.Build.0 = Debug|Any CPU
		{B367BA98-A410-4F52-ACD5-886AEBADC44D}.Debug|Any CPU.Deploy.0 = Debug|Any CPU
		{B367BA98-A410-4F52-ACD5-886AEBADC44D}.Debug|iPhone.ActiveCfg = Debug|Any CPU
		{B367BA98-A410-4F52-ACD5-886AEBADC44D}.Debug|iPhone.Build.0 = Debug|Any CPU
		{B367BA98-A410-4F52-ACD5-886AEBADC44D}.Debug|iPhone.Deploy.0 = Debug|Any CPU
		{B367BA98-A410-4F52-ACD5-886AEBADC44D}.Debug|iPhoneSimulator.ActiveCfg = Debug|Any CPU
		{B367BA98-A410-4F52-ACD5-886AEBADC44D}.Debug|iPhoneSimulator.Build.0 = Debug|Any CPU
		{B367BA98-A410-4F52-ACD5-886AEBADC44D}.Debug|iPhoneSimulator.Deploy.0 = Debug|Any CPU
		{B367BA98-A410-4F52-ACD5-886AEBADC44D}.Release|Any CPU.ActiveCfg = Release|Any CPU
		{B367BA98-A410-4F52-ACD5-886AEBADC44D}.Release|Any CPU.Build.0 = Release|Any CPU
		{B367BA98-A410-4F52-ACD5-886AEBADC44D}.Release|Any CPU.Deploy.0 = Release|Any CPU
		{B367BA98-A410-4F52-ACD5-886AEBADC44D}.Release|iPhone.ActiveCfg = Release|Any CPU
		{B367BA98-A410-4F52-ACD5-886AEBADC44D}.Release|iPhone.Build.0 = Release|Any CPU
		{B367BA98-A410-4F52-ACD5-886AEBADC44D}.Release|iPhone.Deploy.0 = Release|Any CPU
		{B367BA98-A410-4F52-ACD5-886AEBADC44D}.Release|iPhoneSimulator.ActiveCfg = Release|Any CPU
		{B367BA98-A410-4F52-ACD5-886AEBADC44D}.Release|iPhoneSimulator.Build.0 = Release|Any CPU
		{B367BA98-A410-4F52-ACD5-886AEBADC44D}.Release|iPhoneSimulator.Deploy.0 = Release|Any CPU
		{8238101E-FC2F-44F7-B3EE-3D101A703897}.Debug|Any CPU.ActiveCfg = Debug|iPhone
		{8238101E-FC2F-44F7-B3EE-3D101A703897}.Debug|Any CPU.Build.0 = Debug|iPhone
		{8238101E-FC2F-44F7-B3EE-3D101A703897}.Debug|Any CPU.Deploy.0 = Debug|iPhone
		{8238101E-FC2F-44F7-B3EE-3D101A703897}.Debug|iPhone.ActiveCfg = Debug|iPhone
		{8238101E-FC2F-44F7-B3EE-3D101A703897}.Debug|iPhone.Build.0 = Debug|iPhone
		{8238101E-FC2F-44F7-B3EE-3D101A703897}.Debug|iPhone.Deploy.0 = Debug|iPhone
		{8238101E-FC2F-44F7-B3EE-3D101A703897}.Debug|iPhoneSimulator.ActiveCfg = Debug|iPhoneSimulator
		{8238101E-FC2F-44F7-B3EE-3D101A703897}.Debug|iPhoneSimulator.Build.0 = Debug|iPhoneSimulator
		{8238101E-FC2F-44F7-B3EE-3D101A703897}.Debug|iPhoneSimulator.Deploy.0 = Debug|iPhoneSimulator
		{8238101E-FC2F-44F7-B3EE-3D101A703897}.Release|Any CPU.ActiveCfg = Release|iPhoneSimulator
		{8238101E-FC2F-44F7-B3EE-3D101A703897}.Release|Any CPU.Build.0 = Release|iPhoneSimulator
		{8238101E-FC2F-44F7-B3EE-3D101A703897}.Release|Any CPU.Deploy.0 = Release|iPhoneSimulator
		{8238101E-FC2F-44F7-B3EE-3D101A703897}.Release|iPhone.ActiveCfg = Release|iPhone
		{8238101E-FC2F-44F7-B3EE-3D101A703897}.Release|iPhone.Build.0 = Release|iPhone
		{8238101E-FC2F-44F7-B3EE-3D101A703897}.Release|iPhone.Deploy.0 = Release|iPhone
		{8238101E-FC2F-44F7-B3EE-3D101A703897}.Release|iPhoneSimulator.ActiveCfg = Release|iPhoneSimulator
		{8238101E-FC2F-44F7-B3EE-3D101A703897}.Release|iPhoneSimulator.Build.0 = Release|iPhoneSimulator
		{8238101E-FC2F-44F7-B3EE-3D101A703897}.Release|iPhoneSimulator.Deploy.0 = Release|iPhoneSimulator
		{4CCA92FF-AF20-4483-A2D4-70BB9A85D4F8}.Debug|Any CPU.ActiveCfg = Debug|Any CPU
		{4CCA92FF-AF20-4483-A2D4-70BB9A85D4F8}.Debug|Any CPU.Build.0 = Debug|Any CPU
		{4CCA92FF-AF20-4483-A2D4-70BB9A85D4F8}.Debug|Any CPU.Deploy.0 = Debug|Any CPU
		{4CCA92FF-AF20-4483-A2D4-70BB9A85D4F8}.Debug|iPhone.ActiveCfg = Debug|Any CPU
		{4CCA92FF-AF20-4483-A2D4-70BB9A85D4F8}.Debug|iPhone.Build.0 = Debug|Any CPU
		{4CCA92FF-AF20-4483-A2D4-70BB9A85D4F8}.Debug|iPhone.Deploy.0 = Debug|Any CPU
		{4CCA92FF-AF20-4483-A2D4-70BB9A85D4F8}.Debug|iPhoneSimulator.ActiveCfg = Debug|Any CPU
		{4CCA92FF-AF20-4483-A2D4-70BB9A85D4F8}.Debug|iPhoneSimulator.Build.0 = Debug|Any CPU
		{4CCA92FF-AF20-4483-A2D4-70BB9A85D4F8}.Debug|iPhoneSimulator.Deploy.0 = Debug|Any CPU
		{4CCA92FF-AF20-4483-A2D4-70BB9A85D4F8}.Release|Any CPU.ActiveCfg = Release|Any CPU
		{4CCA92FF-AF20-4483-A2D4-70BB9A85D4F8}.Release|Any CPU.Build.0 = Release|Any CPU
		{4CCA92FF-AF20-4483-A2D4-70BB9A85D4F8}.Release|Any CPU.Deploy.0 = Release|Any CPU
		{4CCA92FF-AF20-4483-A2D4-70BB9A85D4F8}.Release|iPhone.ActiveCfg = Release|Any CPU
		{4CCA92FF-AF20-4483-A2D4-70BB9A85D4F8}.Release|iPhone.Build.0 = Release|Any CPU
		{4CCA92FF-AF20-4483-A2D4-70BB9A85D4F8}.Release|iPhone.Deploy.0 = Release|Any CPU
		{4CCA92FF-AF20-4483-A2D4-70BB9A85D4F8}.Release|iPhoneSimulator.ActiveCfg = Release|Any CPU
		{4CCA92FF-AF20-4483-A2D4-70BB9A85D4F8}.Release|iPhoneSimulator.Build.0 = Release|Any CPU
		{4CCA92FF-AF20-4483-A2D4-70BB9A85D4F8}.Release|iPhoneSimulator.Deploy.0 = Release|Any CPU
	EndGlobalSection
	GlobalSection(SolutionProperties) = preSolution
		HideSolutionNode = FALSE
	EndGlobalSection
	GlobalSection(ExtensibilityGlobals) = postSolution
		SolutionGuid = {A4DFC32E-BDDE-4ECA-B703-6D664C90BE04}
	EndGlobalSection
EndGlobal
